
Microsoft Visual Studio Solution File, Format Version 12.00
# Visual Studio Version 17
VisualStudioVersion = 17.9.34701.34
MinimumVisualStudioVersion = 10.0.40219.1
Project("{FAE04EC0-301F-11D3-BF4B-00C04F79EFBC}") = "NinjaTradeAPI", "NinjaTradeAPI\NinjaTradeAPI.csproj", "{E41AF247-08E8-45EB-A87C-299403DB3A38}"
EndProject
Global
	GlobalSection(SolutionConfigurationPlatforms) = preSolution
		Debug|Any CPU = Debug|Any CPU
		Release|Any CPU = Release|Any CPU
	EndGlobalSection
	GlobalSection(ProjectConfigurationPlatforms) = postSolution
		{E41AF247-08E8-45EB-A87C-299403DB3A38}.Debug|Any CPU.ActiveCfg = Debug|Any CPU
		{E41AF247-08E8-45EB-A87C-299403DB3A38}.Debug|Any CPU.Build.0 = Debug|Any CPU
		{E41AF247-08E8-45EB-A87C-299403DB3A38}.Release|Any CPU.ActiveCfg = Release|Any CPU
		{E41AF247-08E8-45EB-A87C-299403DB3A38}.Release|Any CPU.Build.0 = Release|Any CPU
	EndGlobalSection
	GlobalSection(SolutionProperties) = preSolution
		HideSolutionNode = FALSE
	EndGlobalSection
	GlobalSection(ExtensibilityGlobals) = postSolution
		SolutionGuid = {744BBE41-15D4-4A48-9E9C-ECDBC00C0E85}
	EndGlobalSection
EndGlobal
